
Microsoft Visual Studio Solution File, Format Version 12.00
# Visual Studio 14
VisualStudioVersion = 14.0.23107.0
MinimumVisualStudioVersion = 10.0.40219.1
Project("{FAE04EC0-301F-11D3-BF4B-00C04F79EFBC}") = "Mono.Cecil.Inject", "Mono.Cecil.Inject.csproj", "{41E2F2C1-6004-40D8-B84F-B96265088074}"
EndProject
Project("{FAE04EC0-301F-11D3-BF4B-00C04F79EFBC}") = "Tests", "..\Tests\Tests.csproj", "{F5D6BBB9-77E4-4947-BFBA-5A124308C1BE}"
EndProject
Global
	GlobalSection(SolutionConfigurationPlatforms) = preSolution
		Debug|Any CPU = Debug|Any CPU
		Release|Any CPU = Release|Any CPU
	EndGlobalSection
	GlobalSection(ProjectConfigurationPlatforms) = postSolution
		{41E2F2C1-6004-40D8-B84F-B96265088074}.Debug|Any CPU.ActiveCfg = Debug|Any CPU
		{41E2F2C1-6004-40D8-B84F-B96265088074}.Debug|Any CPU.Build.0 = Debug|Any CPU
		{41E2F2C1-6004-40D8-B84F-B96265088074}.Release|Any CPU.ActiveCfg = Release|Any CPU
		{41E2F2C1-6004-40D8-B84F-B96265088074}.Release|Any CPU.Build.0 = Release|Any CPU
		{F5D6BBB9-77E4-4947-BFBA-5A124308C1BE}.Debug|Any CPU.ActiveCfg = Debug|Any CPU
		{F5D6BBB9-77E4-4947-BFBA-5A124308C1BE}.Debug|Any CPU.Build.0 = Debug|Any CPU
		{F5D6BBB9-77E4-4947-BFBA-5A124308C1BE}.Release|Any CPU.ActiveCfg = Release|Any CPU
		{F5D6BBB9-77E4-4947-BFBA-5A124308C1BE}.Release|Any CPU.Build.0 = Release|Any CPU
	EndGlobalSection
	GlobalSection(SolutionProperties) = preSolution
		HideSolutionNode = FALSE
	EndGlobalSection
EndGlobal
